
Microsoft Visual Studio Solution File, Format Version 12.00
# Visual Studio Version 17
VisualStudioVersion = 17.4.33403.182
MinimumVisualStudioVersion = 10.0.40219.1
Project("{FAE04EC0-301F-11D3-BF4B-00C04F79EFBC}") = "TestApplication", "TestApplication\TestApplication.csproj", "{70C89F70-61B3-4BBD-902E-FB85D50AC07D}"
EndProject
Global
	GlobalSection(SolutionConfigurationPlatforms) = preSolution
		Debug|Any CPU = Debug|Any CPU
		Release|Any CPU = Release|Any CPU
	EndGlobalSection
	GlobalSection(ProjectConfigurationPlatforms) = postSolution
		{70C89F70-61B3-4BBD-902E-FB85D50AC07D}.Debug|Any CPU.ActiveCfg = Debug|Any CPU
		{70C89F70-61B3-4BBD-902E-FB85D50AC07D}.Debug|Any CPU.Build.0 = Debug|Any CPU
		{70C89F70-61B3-4BBD-902E-FB85D50AC07D}.Release|Any CPU.ActiveCfg = Release|Any CPU
		{70C89F70-61B3-4BBD-902E-FB85D50AC07D}.Release|Any CPU.Build.0 = Release|Any CPU
	EndGlobalSection
	GlobalSection(SolutionProperties) = preSolution
		HideSolutionNode = FALSE
	EndGlobalSection
	GlobalSection(ExtensibilityGlobals) = postSolution
		SolutionGuid = {D406C811-8A91-45F7-9D7C-3618031D0ACC}
	EndGlobalSection
EndGlobal
